// !$*UTF8*$!
{
	archiveVersion = 1;
	classes = {
	};
	objectVersion = 55;
	objects = {

/* Begin PBXBuildFile section */
		6DC6421627A02224006F06D7 /* AppDelegate.swift in Sources */ = {isa = PBXBuildFile; fileRef = 6DC6421527A02224006F06D7 /* AppDelegate.swift */; };
		6DC6421827A02224006F06D7 /* SceneDelegate.swift in Sources */ = {isa = PBXBuildFile; fileRef = 6DC6421727A02224006F06D7 /* SceneDelegate.swift */; };
		6DC6421A27A02224006F06D7 /* MapViewController.swift in Sources */ = {isa = PBXBuildFile; fileRef = 6DC6421927A02224006F06D7 /* MapViewController.swift */; };
		6DC6421F27A02225006F06D7 /* Assets.xcassets in Resources */ = {isa = PBXBuildFile; fileRef = 6DC6421E27A02225006F06D7 /* Assets.xcassets */; };
		6DC6422227A02225006F06D7 /* LaunchScreen.storyboard in Resources */ = {isa = PBXBuildFile; fileRef = 6DC6422027A02225006F06D7 /* LaunchScreen.storyboard */; };
		6DC6422D27A02225006F06D7 /* chpanPW7Tests.swift in Sources */ = {isa = PBXBuildFile; fileRef = 6DC6422C27A02225006F06D7 /* chpanPW7Tests.swift */; };
		6DC6423727A02225006F06D7 /* chpanPW7UITests.swift in Sources */ = {isa = PBXBuildFile; fileRef = 6DC6423627A02225006F06D7 /* chpanPW7UITests.swift */; };
		6DC6423927A02225006F06D7 /* chpanPW7UITestsLaunchTests.swift in Sources */ = {isa = PBXBuildFile; fileRef = 6DC6423827A02225006F06D7 /* chpanPW7UITestsLaunchTests.swift */; };
		6DC6424627A1674C006F06D7 /* MapButton.swift in Sources */ = {isa = PBXBuildFile; fileRef = 6DC6424527A1674C006F06D7 /* MapButton.swift */; };
		6DC6424827A174F6006F06D7 /* UIViewPin.swift in Sources */ = {isa = PBXBuildFile; fileRef = 6DC6424727A174F6006F06D7 /* UIViewPin.swift */; };
/* End PBXBuildFile section */

/* Begin PBXContainerItemProxy section */
		6DC6422927A02225006F06D7 /* PBXContainerItemProxy */ = {
			isa = PBXContainerItemProxy;
			containerPortal = 6DC6420A27A02224006F06D7 /* Project object */;
			proxyType = 1;
			remoteGlobalIDString = 6DC6421127A02224006F06D7;
			remoteInfo = chpanPW7;
		};
		6DC6423327A02225006F06D7 /* PBXContainerItemProxy */ = {
			isa = PBXContainerItemProxy;
			containerPortal = 6DC6420A27A02224006F06D7 /* Project object */;
			proxyType = 1;
			remoteGlobalIDString = 6DC6421127A02224006F06D7;
			remoteInfo = chpanPW7;
		};
/* End PBXContainerItemProxy section */

/* Begin PBXFileReference section */
		6DC6421227A02224006F06D7 /* chpanPW7.app */ = {isa = PBXFileReference; explicitFileType = wrapper.application; includeInIndex = 0; path = chpanPW7.app; sourceTree = BUILT_PRODUCTS_DIR; };
		6DC6421527A02224006F06D7 /* AppDelegate.swift */ = {isa = PBXFileReference; lastKnownFileType = sourcecode.swift; path = AppDelegate.swift; sourceTree = "<group>"; };
		6DC6421727A02224006F06D7 /* SceneDelegate.swift */ = {isa = PBXFileReference; lastKnownFileType = sourcecode.swift; path = SceneDelegate.swift; sourceTree = "<group>"; };
		6DC6421927A02224006F06D7 /* MapViewController.swift */ = {isa = PBXFileReference; lastKnownFileType = sourcecode.swift; path = MapViewController.swift; sourceTree = "<group>"; };
		6DC6421E27A02225006F06D7 /* Assets.xcassets */ = {isa = PBXFileReference; lastKnownFileType = folder.assetcatalog; path = Assets.xcassets; sourceTree = "<group>"; };
		6DC6422127A02225006F06D7 /* Base */ = {isa = PBXFileReference; lastKnownFileType = file.storyboard; name = Base; path = Base.lproj/LaunchScreen.storyboard; sourceTree = "<group>"; };
		6DC6422327A02225006F06D7 /* Info.plist */ = {isa = PBXFileReference; lastKnownFileType = text.plist.xml; path = Info.plist; sourceTree = "<group>"; };
		6DC6422827A02225006F06D7 /* chpanPW7Tests.xctest */ = {isa = PBXFileReference; explicitFileType = wrapper.cfbundle; includeInIndex = 0; path = chpanPW7Tests.xctest; sourceTree = BUILT_PRODUCTS_DIR; };
		6DC6422C27A02225006F06D7 /* chpanPW7Tests.swift */ = {isa = PBXFileReference; lastKnownFileType = sourcecode.swift; path = chpanPW7Tests.swift; sourceTree = "<group>"; };
		6DC6423227A02225006F06D7 /* chpanPW7UITests.xctest */ = {isa = PBXFileReference; explicitFileType = wrapper.cfbundle; includeInIndex = 0; path = chpanPW7UITests.xctest; sourceTree = BUILT_PRODUCTS_DIR; };
		6DC6423627A02225006F06D7 /* chpanPW7UITests.swift */ = {isa = PBXFileReference; lastKnownFileType = sourcecode.swift; path = chpanPW7UITests.swift; sourceTree = "<group>"; };
		6DC6423827A02225006F06D7 /* chpanPW7UITestsLaunchTests.swift */ = {isa = PBXFileReference; lastKnownFileType = sourcecode.swift; path = chpanPW7UITestsLaunchTests.swift; sourceTree = "<group>"; };
		6DC6424527A1674C006F06D7 /* MapButton.swift */ = {isa = PBXFileReference; lastKnownFileType = sourcecode.swift; path = MapButton.swift; sourceTree = "<group>"; };
		6DC6424727A174F6006F06D7 /* UIViewPin.swift */ = {isa = PBXFileReference; fileEncoding = 4; lastKnownFileType = sourcecode.swift; path = UIViewPin.swift; sourceTree = "<group>"; };
/* End PBXFileReference section */

/* Begin PBXFrameworksBuildPhase section */
		6DC6420F27A02224006F06D7 /* Frameworks */ = {
			isa = PBXFrameworksBuildPhase;
			buildActionMask = 2147483647;
			files = (
			);
			runOnlyForDeploymentPostprocessing = 0;
		};
		6DC6422527A02225006F06D7 /* Frameworks */ = {
			isa = PBXFrameworksBuildPhase;
			buildActionMask = 2147483647;
			files = (
			);
			runOnlyForDeploymentPostprocessing = 0;
		};
		6DC6422F27A02225006F06D7 /* Frameworks */ = {
			isa = PBXFrameworksBuildPhase;
			buildActionMask = 2147483647;
			files = (
			);
			runOnlyForDeploymentPostprocessing = 0;
		};
/* End PBXFrameworksBuildPhase section */

/* Begin PBXGroup section */
		6DC6420927A02224006F06D7 = {
			isa = PBXGroup;
			children = (
				6DC6421427A02224006F06D7 /* chpanPW7 */,
				6DC6422B27A02225006F06D7 /* chpanPW7Tests */,
				6DC6423527A02225006F06D7 /* chpanPW7UITests */,
				6DC6421327A02224006F06D7 /* Products */,
			);
			sourceTree = "<group>";
		};
		6DC6421327A02224006F06D7 /* Products */ = {
			isa = PBXGroup;
			children = (
				6DC6421227A02224006F06D7 /* chpanPW7.app */,
				6DC6422827A02225006F06D7 /* chpanPW7Tests.xctest */,
				6DC6423227A02225006F06D7 /* chpanPW7UITests.xctest */,
			);
			name = Products;
			sourceTree = "<group>";
		};
		6DC6421427A02224006F06D7 /* chpanPW7 */ = {
			isa = PBXGroup;
			children = (
				6DC6424B27A18969006F06D7 /* Classes */,
				6DC6424A27A18956006F06D7 /* Delegate */,
				6DC6424927A1891D006F06D7 /* ViewController */,
				6DC6421E27A02225006F06D7 /* Assets.xcassets */,
				6DC6422027A02225006F06D7 /* LaunchScreen.storyboard */,
				6DC6422327A02225006F06D7 /* Info.plist */,
			);
			path = chpanPW7;
			sourceTree = "<group>";
		};
		6DC6422B27A02225006F06D7 /* chpanPW7Tests */ = {
			isa = PBXGroup;
			children = (
				6DC6422C27A02225006F06D7 /* chpanPW7Tests.swift */,
			);
			path = chpanPW7Tests;
			sourceTree = "<group>";
		};
		6DC6423527A02225006F06D7 /* chpanPW7UITests */ = {
			isa = PBXGroup;
			children = (
				6DC6423627A02225006F06D7 /* chpanPW7UITests.swift */,
				6DC6423827A02225006F06D7 /* chpanPW7UITestsLaunchTests.swift */,
			);
			path = chpanPW7UITests;
			sourceTree = "<group>";
		};
		6DC6424927A1891D006F06D7 /* ViewController */ = {
			isa = PBXGroup;
			children = (
				6DC6421927A02224006F06D7 /* MapViewController.swift */,
			);
			path = ViewController;
			sourceTree = "<group>";
		};
		6DC6424A27A18956006F06D7 /* Delegate */ = {
			isa = PBXGroup;
			children = (
				6DC6421527A02224006F06D7 /* AppDelegate.swift */,
				6DC6421727A02224006F06D7 /* SceneDelegate.swift */,
			);
			path = Delegate;
			sourceTree = "<group>";
		};
		6DC6424B27A18969006F06D7 /* Classes */ = {
			isa = PBXGroup;
			children = (
				6DC6424727A174F6006F06D7 /* UIViewPin.swift */,
				6DC6424527A1674C006F06D7 /* MapButton.swift */,
			);
			path = Classes;
			sourceTree = "<group>";
		};
/* End PBXGroup section */

/* Begin PBXNativeTarget section */
		6DC6421127A02224006F06D7 /* chpanPW7 */ = {
			isa = PBXNativeTarget;
			buildConfigurationList = 6DC6423C27A02225006F06D7 /* Build configuration list for PBXNativeTarget "chpanPW7" */;
			buildPhases = (
				6DC6420E27A02224006F06D7 /* Sources */,
				6DC6420F27A02224006F06D7 /* Frameworks */,
				6DC6421027A02224006F06D7 /* Resources */,
			);
			buildRules = (
			);
			dependencies = (
			);
			name = chpanPW7;
			productName = chpanPW7;
			productReference = 6DC6421227A02224006F06D7 /* chpanPW7.app */;
			productType = "com.apple.product-type.application";
		};
		6DC6422727A02225006F06D7 /* chpanPW7Tests */ = {
			isa = PBXNativeTarget;
			buildConfigurationList = 6DC6423F27A02225006F06D7 /* Build configuration list for PBXNativeTarget "chpanPW7Tests" */;
			buildPhases = (
				6DC6422427A02225006F06D7 /* Sources */,
				6DC6422527A02225006F06D7 /* Frameworks */,
				6DC6422627A02225006F06D7 /* Resources */,
			);
			buildRules = (
			);
			dependencies = (
				6DC6422A27A02225006F06D7 /* PBXTargetDependency */,
			);
			name = chpanPW7Tests;
			productName = chpanPW7Tests;
			productReference = 6DC6422827A02225006F06D7 /* chpanPW7Tests.xctest */;
			productType = "com.apple.product-type.bundle.unit-test";
		};
		6DC6423127A02225006F06D7 /* chpanPW7UITests */ = {
			isa = PBXNativeTarget;
			buildConfigurationList = 6DC6424227A02225006F06D7 /* Build configuration list for PBXNativeTarget "chpanPW7UITests" */;
			buildPhases = (
				6DC6422E27A02225006F06D7 /* Sources */,
				6DC6422F27A02225006F06D7 /* Frameworks */,
				6DC6423027A02225006F06D7 /* Resources */,
			);
			buildRules = (
			);
			dependencies = (
				6DC6423427A02225006F06D7 /* PBXTargetDependency */,
			);
			name = chpanPW7UITests;
			productName = chpanPW7UITests;
			productReference = 6DC6423227A02225006F06D7 /* chpanPW7UITests.xctest */;
			productType = "com.apple.product-type.bundle.ui-testing";
		};
/* End PBXNativeTarget section */

/* Begin PBXProject section */
		6DC6420A27A02224006F06D7 /* Project object */ = {
			isa = PBXProject;
			attributes = {
				BuildIndependentTargetsInParallel = 1;
				LastSwiftUpdateCheck = 1320;
				LastUpgradeCheck = 1320;
				TargetAttributes = {
					6DC6421127A02224006F06D7 = {
						CreatedOnToolsVersion = 13.2.1;
					};
					6DC6422727A02225006F06D7 = {
						CreatedOnToolsVersion = 13.2.1;
						TestTargetID = 6DC6421127A02224006F06D7;
					};
					6DC6423127A02225006F06D7 = {
						CreatedOnToolsVersion = 13.2.1;
						TestTargetID = 6DC6421127A02224006F06D7;
					};
				};
			};
			buildConfigurationList = 6DC6420D27A02224006F06D7 /* Build configuration list for PBXProject "chpanPW7" */;
			compatibilityVersion = "Xcode 13.0";
			developmentRegion = en;
			hasScannedForEncodings = 0;
			knownRegions = (
				en,
				Base,
			);
			mainGroup = 6DC6420927A02224006F06D7;
			productRefGroup = 6DC6421327A02224006F06D7 /* Products */;
			projectDirPath = "";
			projectRoot = "";
			targets = (
				6DC6421127A02224006F06D7 /* chpanPW7 */,
				6DC6422727A02225006F06D7 /* chpanPW7Tests */,
				6DC6423127A02225006F06D7 /* chpanPW7UITests */,
			);
		};
/* End PBXProject section */

/* Begin PBXResourcesBuildPhase section */
		6DC6421027A02224006F06D7 /* Resources */ = {
			isa = PBXResourcesBuildPhase;
			buildActionMask = 2147483647;
			files = (
				6DC6422227A02225006F06D7 /* LaunchScreen.storyboard in Resources */,
				6DC6421F27A02225006F06D7 /* Assets.xcassets in Resources */,
			);
			runOnlyForDeploymentPostprocessing = 0;
		};
		6DC6422627A02225006F06D7 /* Resources */ = {
			isa = PBXResourcesBuildPhase;
			buildActionMask = 2147483647;
			files = (
			);
			runOnlyForDeploymentPostprocessing = 0;
		};
		6DC6423027A02225006F06D7 /* Resources */ = {
			isa = PBXResourcesBuildPhase;
			buildActionMask = 2147483647;
			files = (
			);
			runOnlyForDeploymentPostprocessing = 0;
		};
/* End PBXResourcesBuildPhase section */

/* Begin PBXSourcesBuildPhase section */
		6DC6420E27A02224006F06D7 /* Sources */ = {
			isa = PBXSourcesBuildPhase;
			buildActionMask = 2147483647;
			files = (
				6DC6424827A174F6006F06D7 /* UIViewPin.swift in Sources */,
				6DC6424627A1674C006F06D7 /* MapButton.swift in Sources */,
				6DC6421A27A02224006F06D7 /* MapViewController.swift in Sources */,
				6DC6421627A02224006F06D7 /* AppDelegate.swift in Sources */,
				6DC6421827A02224006F06D7 /* SceneDelegate.swift in Sources */,
			);
			runOnlyForDeploymentPostprocessing = 0;
		};
		6DC6422427A02225006F06D7 /* Sources */ = {
			isa = PBXSourcesBuildPhase;
			buildActionMask = 2147483647;
			files = (
				6DC6422D27A02225006F06D7 /* chpanPW7Tests.swift in Sources */,
			);
			runOnlyForDeploymentPostprocessing = 0;
		};
		6DC6422E27A02225006F06D7 /* Sources */ = {
			isa = PBXSourcesBuildPhase;
			buildActionMask = 2147483647;
			files = (
				6DC6423927A02225006F06D7 /* chpanPW7UITestsLaunchTests.swift in Sources */,
				6DC6423727A02225006F06D7 /* chpanPW7UITests.swift in Sources */,
			);
			runOnlyForDeploymentPostprocessing = 0;
		};
/* End PBXSourcesBuildPhase section */

/* Begin PBXTargetDependency section */
		6DC6422A27A02225006F06D7 /* PBXTargetDependency */ = {
			isa = PBXTargetDependency;
			target = 6DC6421127A02224006F06D7 /* chpanPW7 */;
			targetProxy = 6DC6422927A02225006F06D7 /* PBXContainerItemProxy */;
		};
		6DC6423427A02225006F06D7 /* PBXTargetDependency */ = {
			isa = PBXTargetDependency;
			target = 6DC6421127A02224006F06D7 /* chpanPW7 */;
			targetProxy = 6DC6423327A02225006F06D7 /* PBXContainerItemProxy */;
		};
/* End PBXTargetDependency section */

/* Begin PBXVariantGroup section */
		6DC6422027A02225006F06D7 /* LaunchScreen.storyboard */ = {
			isa = PBXVariantGroup;
			children = (
				6DC6422127A02225006F06D7 /* Base */,
			);
			name = LaunchScreen.storyboard;
			sourceTree = "<group>";
		};
/* End PBXVariantGroup section */

/* Begin XCBuildConfiguration section */
		6DC6423A27A02225006F06D7 /* Debug */ = {
			isa = XCBuildConfiguration;
			buildSettings = {
				ALWAYS_SEARCH_USER_PATHS = NO;
				CLANG_ANALYZER_NONNULL = YES;
				CLANG_ANALYZER_NUMBER_OBJECT_CONVERSION = YES_AGGRESSIVE;
				CLANG_CXX_LANGUAGE_STANDARD = "gnu++17";
				CLANG_CXX_LIBRARY = "libc++";
				CLANG_ENABLE_MODULES = YES;
				CLANG_ENABLE_OBJC_ARC = YES;
				CLANG_ENABLE_OBJC_WEAK = YES;
				CLANG_WARN_BLOCK_CAPTURE_AUTORELEASING = YES;
				CLANG_WARN_BOOL_CONVERSION = YES;
				CLANG_WARN_COMMA = YES;
				CLANG_WARN_CONSTANT_CONVERSION = YES;
				CLANG_WARN_DEPRECATED_OBJC_IMPLEMENTATIONS = YES;
				CLANG_WARN_DIRECT_OBJC_ISA_USAGE = YES_ERROR;
				CLANG_WARN_DOCUMENTATION_COMMENTS = YES;
				CLANG_WARN_EMPTY_BODY = YES;
				CLANG_WARN_ENUM_CONVERSION = YES;
				CLANG_WARN_INFINITE_RECURSION = YES;
				CLANG_WARN_INT_CONVERSION = YES;
				CLANG_WARN_NON_LITERAL_NULL_CONVERSION = YES;
				CLANG_WARN_OBJC_IMPLICIT_RETAIN_SELF = YES;
				CLANG_WARN_OBJC_LITERAL_CONVERSION = YES;
				CLANG_WARN_OBJC_ROOT_CLASS = YES_ERROR;
				CLANG_WARN_QUOTED_INCLUDE_IN_FRAMEWORK_HEADER = YES;
				CLANG_WARN_RANGE_LOOP_ANALYSIS = YES;
				CLANG_WARN_STRICT_PROTOTYPES = YES;
				CLANG_WARN_SUSPICIOUS_MOVE = YES;
				CLANG_WARN_UNGUARDED_AVAILABILITY = YES_AGGRESSIVE;
				CLANG_WARN_UNREACHABLE_CODE = YES;
				CLANG_WARN__DUPLICATE_METHOD_MATCH = YES;
				COPY_PHASE_STRIP = NO;
				DEBUG_INFORMATION_FORMAT = dwarf;
				ENABLE_STRICT_OBJC_MSGSEND = YES;
				ENABLE_TESTABILITY = YES;
				GCC_C_LANGUAGE_STANDARD = gnu11;
				GCC_DYNAMIC_NO_PIC = NO;
				GCC_NO_COMMON_BLOCKS = YES;
				GCC_OPTIMIZATION_LEVEL = 0;
				GCC_PREPROCESSOR_DEFINITIONS = (
					"DEBUG=1",
					"$(inherited)",
				);
				GCC_WARN_64_TO_32_BIT_CONVERSION = YES;
				GCC_WARN_ABOUT_RETURN_TYPE = YES_ERROR;
				GCC_WARN_UNDECLARED_SELECTOR = YES;
				GCC_WARN_UNINITIALIZED_AUTOS = YES_AGGRESSIVE;
				GCC_WARN_UNUSED_FUNCTION = YES;
				GCC_WARN_UNUSED_VARIABLE = YES;
				IPHONEOS_DEPLOYMENT_TARGET = 15.2;
				MTL_ENABLE_DEBUG_INFO = INCLUDE_SOURCE;
				MTL_FAST_MATH = YES;
				ONLY_ACTIVE_ARCH = YES;
				SDKROOT = iphoneos;
				SWIFT_ACTIVE_COMPILATION_CONDITIONS = DEBUG;
				SWIFT_OPTIMIZATION_LEVEL = "-Onone";
			};
			name = Debug;
		};
		6DC6423B27A02225006F06D7 /* Release */ = {
			isa = XCBuildConfiguration;
			buildSettings = {
				ALWAYS_SEARCH_USER_PATHS = NO;
				CLANG_ANALYZER_NONNULL = YES;
				CLANG_ANALYZER_NUMBER_OBJECT_CONVERSION = YES_AGGRESSIVE;
				CLANG_CXX_LANGUAGE_STANDARD = "gnu++17";
				CLANG_CXX_LIBRARY = "libc++";
				CLANG_ENABLE_MODULES = YES;
				CLANG_ENABLE_OBJC_ARC = YES;
				CLANG_ENABLE_OBJC_WEAK = YES;
				CLANG_WARN_BLOCK_CAPTURE_AUTORELEASING = YES;
				CLANG_WARN_BOOL_CONVERSION = YES;
				CLANG_WARN_COMMA = YES;
				CLANG_WARN_CONSTANT_CONVERSION = YES;
				CLANG_WARN_DEPRECATED_OBJC_IMPLEMENTATIONS = YES;
				CLANG_WARN_DIRECT_OBJC_ISA_USAGE = YES_ERROR;
				CLANG_WARN_DOCUMENTATION_COMMENTS = YES;
				CLANG_WARN_EMPTY_BODY = YES;
				CLANG_WARN_ENUM_CONVERSION = YES;
				CLANG_WARN_INFINITE_RECURSION = YES;
				CLANG_WARN_INT_CONVERSION = YES;
				CLANG_WARN_NON_LITERAL_NULL_CONVERSION = YES;
				CLANG_WARN_OBJC_IMPLICIT_RETAIN_SELF = YES;
				CLANG_WARN_OBJC_LITERAL_CONVERSION = YES;
				CLANG_WARN_OBJC_ROOT_CLASS = YES_ERROR;
				CLANG_WARN_QUOTED_INCLUDE_IN_FRAMEWORK_HEADER = YES;
				CLANG_WARN_RANGE_LOOP_ANALYSIS = YES;
				CLANG_WARN_STRICT_PROTOTYPES = YES;
				CLANG_WARN_SUSPICIOUS_MOVE = YES;
				CLANG_WARN_UNGUARDED_AVAILABILITY = YES_AGGRESSIVE;
				CLANG_WARN_UNREACHABLE_CODE = YES;
				CLANG_WARN__DUPLICATE_METHOD_MATCH = YES;
				COPY_PHASE_STRIP = NO;
				DEBUG_INFORMATION_FORMAT = "dwarf-with-dsym";
				ENABLE_NS_ASSERTIONS = NO;
				ENABLE_STRICT_OBJC_MSGSEND = YES;
				GCC_C_LANGUAGE_STANDARD = gnu11;
				GCC_NO_COMMON_BLOCKS = YES;
				GCC_WARN_64_TO_32_BIT_CONVERSION = YES;
				GCC_WARN_ABOUT_RETURN_TYPE = YES_ERROR;
				GCC_WARN_UNDECLARED_SELECTOR = YES;
				GCC_WARN_UNINITIALIZED_AUTOS = YES_AGGRESSIVE;
				GCC_WARN_UNUSED_FUNCTION = YES;
				GCC_WARN_UNUSED_VARIABLE = YES;
				IPHONEOS_DEPLOYMENT_TARGET = 15.2;
				MTL_ENABLE_DEBUG_INFO = NO;
				MTL_FAST_MATH = YES;
				SDKROOT = iphoneos;
				SWIFT_COMPILATION_MODE = wholemodule;
				SWIFT_OPTIMIZATION_LEVEL = "-O";
				VALIDATE_PRODUCT = YES;
			};
			name = Release;
		};
		6DC6423D27A02225006F06D7 /* Debug */ = {
			isa = XCBuildConfiguration;
			buildSettings = {
				ASSETCATALOG_COMPILER_APPICON_NAME = AppIcon;
				ASSETCATALOG_COMPILER_GLOBAL_ACCENT_COLOR_NAME = AccentColor;
				CODE_SIGN_STYLE = Automatic;
				CURRENT_PROJECT_VERSION = 1;
				DEVELOPMENT_TEAM = ADA785NP67;
				GENERATE_INFOPLIST_FILE = YES;
				INFOPLIST_FILE = chpanPW7/Info.plist;
				INFOPLIST_KEY_UIApplicationSupportsIndirectInputEvents = YES;
				INFOPLIST_KEY_UILaunchStoryboardName = LaunchScreen;
				INFOPLIST_KEY_UISupportedInterfaceOrientations_iPad = "UIInterfaceOrientationPortrait UIInterfaceOrientationPortraitUpsideDown UIInterfaceOrientationLandscapeLeft UIInterfaceOrientationLandscapeRight";
				INFOPLIST_KEY_UISupportedInterfaceOrientations_iPhone = "UIInterfaceOrientationPortrait UIInterfaceOrientationLandscapeLeft UIInterfaceOrientationLandscapeRight";
				LD_RUNPATH_SEARCH_PATHS = (
					"$(inherited)",
					"@executable_path/Frameworks",
				);
				MARKETING_VERSION = 1.0;
				PRODUCT_BUNDLE_IDENTIFIER = HSE.chpanPW7;
				PRODUCT_NAME = "$(TARGET_NAME)";
				SWIFT_EMIT_LOC_STRINGS = YES;
				SWIFT_VERSION = 5.0;
				TARGETED_DEVICE_FAMILY = "1,2";
			};
			name = Debug;
		};
		6DC6423E27A02225006F06D7 /* Release */ = {
			isa = XCBuildConfiguration;
			buildSettings = {
				ASSETCATALOG_COMPILER_APPICON_NAME = AppIcon;
				ASSETCATALOG_COMPILER_GLOBAL_ACCENT_COLOR_NAME = AccentColor;
				CODE_SIGN_STYLE = Automatic;
				CURRENT_PROJECT_VERSION = 1;
				DEVELOPMENT_TEAM = ADA785NP67;
				GENERATE_INFOPLIST_FILE = YES;
				INFOPLIST_FILE = chpanPW7/Info.plist;
				INFOPLIST_KEY_UIApplicationSupportsIndirectInputEvents = YES;
				INFOPLIST_KEY_UILaunchStoryboardName = LaunchScreen;
				INFOPLIST_KEY_UISupportedInterfaceOrientations_iPad = "UIInterfaceOrientationPortrait UIInterfaceOrientationPortraitUpsideDown UIInterfaceOrientationLandscapeLeft UIInterfaceOrientationLandscapeRight";
				INFOPLIST_KEY_UISupportedInterfaceOrientations_iPhone = "UIInterfaceOrientationPortrait UIInterfaceOrientationLandscapeLeft UIInterfaceOrientationLandscapeRight";
				LD_RUNPATH_SEARCH_PATHS = (
					"$(inherited)",
					"@executable_path/Frameworks",
				);
				MARKETING_VERSION = 1.0;
				PRODUCT_BUNDLE_IDENTIFIER = HSE.chpanPW7;
				PRODUCT_NAME = "$(TARGET_NAME)";
				SWIFT_EMIT_LOC_STRINGS = YES;
				SWIFT_VERSION = 5.0;
				TARGETED_DEVICE_FAMILY = "1,2";
			};
			name = Release;
		};
		6DC6424027A02225006F06D7 /* Debug */ = {
			isa = XCBuildConfiguration;
			buildSettings = {
				ALWAYS_EMBED_SWIFT_STANDARD_LIBRARIES = YES;
				BUNDLE_LOADER = "$(TEST_HOST)";
				CODE_SIGN_STYLE = Automatic;
				CURRENT_PROJECT_VERSION = 1;
				DEVELOPMENT_TEAM = ADA785NP67;
				GENERATE_INFOPLIST_FILE = YES;
				IPHONEOS_DEPLOYMENT_TARGET = 15.2;
				MARKETING_VERSION = 1.0;
				PRODUCT_BUNDLE_IDENTIFIER = HSE.chpanPW7Tests;
				PRODUCT_NAME = "$(TARGET_NAME)";
				SWIFT_EMIT_LOC_STRINGS = NO;
				SWIFT_VERSION = 5.0;
				TARGETED_DEVICE_FAMILY = "1,2";
				TEST_HOST = "$(BUILT_PRODUCTS_DIR)/chpanPW7.app/chpanPW7";
			};
			name = Debug;
		};
		6DC6424127A02225006F06D7 /* Release */ = {
			isa = XCBuildConfiguration;
			buildSettings = {
				ALWAYS_EMBED_SWIFT_STANDARD_LIBRARIES = YES;
				BUNDLE_LOADER = "$(TEST_HOST)";
				CODE_SIGN_STYLE = Automatic;
				CURRENT_PROJECT_VERSION = 1;
				DEVELOPMENT_TEAM = ADA785NP67;
				GENERATE_INFOPLIST_FILE = YES;
				IPHONEOS_DEPLOYMENT_TARGET = 15.2;
				MARKETING_VERSION = 1.0;
				PRODUCT_BUNDLE_IDENTIFIER = HSE.chpanPW7Tests;
				PRODUCT_NAME = "$(TARGET_NAME)";
				SWIFT_EMIT_LOC_STRINGS = NO;
				SWIFT_VERSION = 5.0;
				TARGETED_DEVICE_FAMILY = "1,2";
				TEST_HOST = "$(BUILT_PRODUCTS_DIR)/chpanPW7.app/chpanPW7";
			};
			name = Release;
		};
		6DC6424327A02225006F06D7 /* Debug */ = {
			isa = XCBuildConfiguration;
			buildSettings = {
				ALWAYS_EMBED_SWIFT_STANDARD_LIBRARIES = YES;
				CODE_SIGN_STYLE = Automatic;
				CURRENT_PROJECT_VERSION = 1;
				DEVELOPMENT_TEAM = ADA785NP67;
				GENERATE_INFOPLIST_FILE = YES;
				MARKETING_VERSION = 1.0;
				PRODUCT_BUNDLE_IDENTIFIER = HSE.chpanPW7UITests;
				PRODUCT_NAME = "$(TARGET_NAME)";
				SWIFT_EMIT_LOC_STRINGS = NO;
				SWIFT_VERSION = 5.0;
				TARGETED_DEVICE_FAMILY = "1,2";
				TEST_TARGET_NAME = chpanPW7;
			};
			name = Debug;
		};
		6DC6424427A02225006F06D7 /* Release */ = {
			isa = XCBuildConfiguration;
			buildSettings = {
				ALWAYS_EMBED_SWIFT_STANDARD_LIBRARIES = YES;
				CODE_SIGN_STYLE = Automatic;
				CURRENT_PROJECT_VERSION = 1;
				DEVELOPMENT_TEAM = ADA785NP67;
				GENERATE_INFOPLIST_FILE = YES;
				MARKETING_VERSION = 1.0;
				PRODUCT_BUNDLE_IDENTIFIER = HSE.chpanPW7UITests;
				PRODUCT_NAME = "$(TARGET_NAME)";
				SWIFT_EMIT_LOC_STRINGS = NO;
				SWIFT_VERSION = 5.0;
				TARGETED_DEVICE_FAMILY = "1,2";
				TEST_TARGET_NAME = chpanPW7;
			};
			name = Release;
		};
/* End XCBuildConfiguration section */

/* Begin XCConfigurationList section */
		6DC6420D27A02224006F06D7 /* Build configuration list for PBXProject "chpanPW7" */ = {
			isa = XCConfigurationList;
			buildConfigurations = (
				6DC6423A27A02225006F06D7 /* Debug */,
				6DC6423B27A02225006F06D7 /* Release */,
			);
			defaultConfigurationIsVisible = 0;
			defaultConfigurationName = Release;
		};
		6DC6423C27A02225006F06D7 /* Build configuration list for PBXNativeTarget "chpanPW7" */ = {
			isa = XCConfigurationList;
			buildConfigurations = (
				6DC6423D27A02225006F06D7 /* Debug */,
				6DC6423E27A02225006F06D7 /* Release */,
			);
			defaultConfigurationIsVisible = 0;
			defaultConfigurationName = Release;
		};
		6DC6423F27A02225006F06D7 /* Build configuration list for PBXNativeTarget "chpanPW7Tests" */ = {
			isa = XCConfigurationList;
			buildConfigurations = (
				6DC6424027A02225006F06D7 /* Debug */,
				6DC6424127A02225006F06D7 /* Release */,
			);
			defaultConfigurationIsVisible = 0;
			defaultConfigurationName = Release;
		};
		6DC6424227A02225006F06D7 /* Build configuration list for PBXNativeTarget "chpanPW7UITests" */ = {
			isa = XCConfigurationList;
			buildConfigurations = (
				6DC6424327A02225006F06D7 /* Debug */,
				6DC6424427A02225006F06D7 /* Release */,
			);
			defaultConfigurationIsVisible = 0;
			defaultConfigurationName = Release;
		};
/* End XCConfigurationList section */
	};
	rootObject = 6DC6420A27A02224006F06D7 /* Project object */;
}
